// !$*UTF8*$!
{
	archiveVersion = 1;
	classes = {
	};
	objectVersion = 50;
	objects = {

/* Begin PBXBuildFile section */
		B5CDB89721E283390022B08F /* AppDelegate.m in Sources */ = {isa = PBXBuildFile; fileRef = B5CDB89621E283390022B08F /* AppDelegate.m */; };
		B5CDB89A21E283390022B08F /* ViewController.m in Sources */ = {isa = PBXBuildFile; fileRef = B5CDB89921E283390022B08F /* ViewController.m */; };
		B5CDB89D21E283390022B08F /* Main.storyboard in Resources */ = {isa = PBXBuildFile; fileRef = B5CDB89B21E283390022B08F /* Main.storyboard */; };
		B5CDB89F21E2833A0022B08F /* Assets.xcassets in Resources */ = {isa = PBXBuildFile; fileRef = B5CDB89E21E2833A0022B08F /* Assets.xcassets */; };
		B5CDB8A221E2833A0022B08F /* LaunchScreen.storyboard in Resources */ = {isa = PBXBuildFile; fileRef = B5CDB8A021E2833A0022B08F /* LaunchScreen.storyboard */; };
		B5CDB8A521E2833A0022B08F /* main.m in Sources */ = {isa = PBXBuildFile; fileRef = B5CDB8A421E2833A0022B08F /* main.m */; };
		B5CDB8AD21E284130022B08F /* ApplicationTest.cpp in Sources */ = {isa = PBXBuildFile; fileRef = B5CDB8AB21E284130022B08F /* ApplicationTest.cpp */; };
/* End PBXBuildFile section */

/* Begin PBXFileReference section */
		B5CDB89221E283390022B08F /* YCMTest.app */ = {isa = PBXFileReference; explicitFileType = wrapper.application; includeInIndex = 0; path = YCMTest.app; sourceTree = BUILT_PRODUCTS_DIR; };
		B5CDB89521E283390022B08F /* AppDelegate.h */ = {isa = PBXFileReference; lastKnownFileType = sourcecode.c.h; path = AppDelegate.h; sourceTree = "<group>"; };
		B5CDB89621E283390022B08F /* AppDelegate.m */ = {isa = PBXFileReference; lastKnownFileType = sourcecode.c.objc; path = AppDelegate.m; sourceTree = "<group>"; };
		B5CDB89821E283390022B08F /* ViewController.h */ = {isa = PBXFileReference; lastKnownFileType = sourcecode.c.h; path = ViewController.h; sourceTree = "<group>"; };
		B5CDB89921E283390022B08F /* ViewController.m */ = {isa = PBXFileReference; lastKnownFileType = sourcecode.c.objc; path = ViewController.m; sourceTree = "<group>"; };
		B5CDB89C21E283390022B08F /* Base */ = {isa = PBXFileReference; lastKnownFileType = file.storyboard; name = Base; path = Base.lproj/Main.storyboard; sourceTree = "<group>"; };
		B5CDB89E21E2833A0022B08F /* Assets.xcassets */ = {isa = PBXFileReference; lastKnownFileType = folder.assetcatalog; path = Assets.xcassets; sourceTree = "<group>"; };
		B5CDB8A121E2833A0022B08F /* Base */ = {isa = PBXFileReference; lastKnownFileType = file.storyboard; name = Base; path = Base.lproj/LaunchScreen.storyboard; sourceTree = "<group>"; };
		B5CDB8A321E2833A0022B08F /* Info.plist */ = {isa = PBXFileReference; lastKnownFileType = text.plist.xml; path = Info.plist; sourceTree = "<group>"; };
		B5CDB8A421E2833A0022B08F /* main.m */ = {isa = PBXFileReference; lastKnownFileType = sourcecode.c.objc; path = main.m; sourceTree = "<group>"; };
		B5CDB8AB21E284130022B08F /* ApplicationTest.cpp */ = {isa = PBXFileReference; lastKnownFileType = sourcecode.cpp.cpp; path = ApplicationTest.cpp; sourceTree = "<group>"; };
		B5CDB8AC21E284130022B08F /* ApplicationTest.hpp */ = {isa = PBXFileReference; lastKnownFileType = sourcecode.cpp.h; path = ApplicationTest.hpp; sourceTree = "<group>"; };
/* End PBXFileReference section */

/* Begin PBXFrameworksBuildPhase section */
		B5CDB88F21E283390022B08F /* Frameworks */ = {
			isa = PBXFrameworksBuildPhase;
			buildActionMask = 2147483647;
			files = (
			);
			runOnlyForDeploymentPostprocessing = 0;
		};
/* End PBXFrameworksBuildPhase section */

/* Begin PBXGroup section */
		B5CDB88921E283390022B08F = {
			isa = PBXGroup;
			children = (
				B5CDB89421E283390022B08F /* YCMTest */,
				B5CDB89321E283390022B08F /* Products */,
			);
			sourceTree = "<group>";
		};
		B5CDB89321E283390022B08F /* Products */ = {
			isa = PBXGroup;
			children = (
				B5CDB89221E283390022B08F /* YCMTest.app */,
			);
			name = Products;
			sourceTree = "<group>";
		};
		B5CDB89421E283390022B08F /* YCMTest */ = {
			isa = PBXGroup;
			children = (
				B5CDB89521E283390022B08F /* AppDelegate.h */,
				B5CDB89621E283390022B08F /* AppDelegate.m */,
				B5CDB89821E283390022B08F /* ViewController.h */,
				B5CDB89921E283390022B08F /* ViewController.m */,
				B5CDB89B21E283390022B08F /* Main.storyboard */,
				B5CDB89E21E2833A0022B08F /* Assets.xcassets */,
				B5CDB8A021E2833A0022B08F /* LaunchScreen.storyboard */,
				B5CDB8A321E2833A0022B08F /* Info.plist */,
				B5CDB8A421E2833A0022B08F /* main.m */,
				B5CDB8AB21E284130022B08F /* ApplicationTest.cpp */,
				B5CDB8AC21E284130022B08F /* ApplicationTest.hpp */,
			);
			path = YCMTest;
			sourceTree = "<group>";
		};
/* End PBXGroup section */

/* Begin PBXNativeTarget section */
		B5CDB89121E283390022B08F /* YCMTest */ = {
			isa = PBXNativeTarget;
			buildConfigurationList = B5CDB8A821E2833A0022B08F /* Build configuration list for PBXNativeTarget "YCMTest" */;
			buildPhases = (
				B5CDB88E21E283390022B08F /* Sources */,
				B5CDB88F21E283390022B08F /* Frameworks */,
				B5CDB89021E283390022B08F /* Resources */,
			);
			buildRules = (
			);
			dependencies = (
			);
			name = YCMTest;
			productName = YCMTest;
			productReference = B5CDB89221E283390022B08F /* YCMTest.app */;
			productType = "com.apple.product-type.application";
		};
/* End PBXNativeTarget section */

/* Begin PBXProject section */
		B5CDB88A21E283390022B08F /* Project object */ = {
			isa = PBXProject;
			attributes = {
				LastUpgradeCheck = 1010;
				ORGANIZATIONNAME = "Ben Jackson";
				TargetAttributes = {
					B5CDB89121E283390022B08F = {
						CreatedOnToolsVersion = 10.1;
					};
				};
			};
			buildConfigurationList = B5CDB88D21E283390022B08F /* Build configuration list for PBXProject "YCMTest" */;
			compatibilityVersion = "Xcode 9.3";
			developmentRegion = en;
			hasScannedForEncodings = 0;
			knownRegions = (
				en,
				Base,
			);
			mainGroup = B5CDB88921E283390022B08F;
			productRefGroup = B5CDB89321E283390022B08F /* Products */;
			projectDirPath = "";
			projectRoot = "";
			targets = (
				B5CDB89121E283390022B08F /* YCMTest */,
			);
		};
/* End PBXProject section */

/* Begin PBXResourcesBuildPhase section */
		B5CDB89021E283390022B08F /* Resources */ = {
			isa = PBXResourcesBuildPhase;
			buildActionMask = 2147483647;
			files = (
				B5CDB8A221E2833A0022B08F /* LaunchScreen.storyboard in Resources */,
				B5CDB89F21E2833A0022B08F /* Assets.xcassets in Resources */,
				B5CDB89D21E283390022B08F /* Main.storyboard in Resources */,
			);
			runOnlyForDeploymentPostprocessing = 0;
		};
/* End PBXResourcesBuildPhase section */

/* Begin PBXSourcesBuildPhase section */
		B5CDB88E21E283390022B08F /* Sources */ = {
			isa = PBXSourcesBuildPhase;
			buildActionMask = 2147483647;
			files = (
				B5CDB8AD21E284130022B08F /* ApplicationTest.cpp in Sources */,
				B5CDB89A21E283390022B08F /* ViewController.m in Sources */,
				B5CDB8A521E2833A0022B08F /* main.m in Sources */,
				B5CDB89721E283390022B08F /* AppDelegate.m in Sources */,
			);
			runOnlyForDeploymentPostprocessing = 0;
		};
/* End PBXSourcesBuildPhase section */

/* Begin PBXVariantGroup section */
		B5CDB89B21E283390022B08F /* Main.storyboard */ = {
			isa = PBXVariantGroup;
			children = (
				B5CDB89C21E283390022B08F /* Base */,
			);
			name = Main.storyboard;
			sourceTree = "<group>";
		};
		B5CDB8A021E2833A0022B08F /* LaunchScreen.storyboard */ = {
			isa = PBXVariantGroup;
			children = (
				B5CDB8A121E2833A0022B08F /* Base */,
			);
			name = LaunchScreen.storyboard;
			sourceTree = "<group>";
		};
/* End PBXVariantGroup section */

/* Begin XCBuildConfiguration section */
		B5CDB8A621E2833A0022B08F /* Debug */ = {
			isa = XCBuildConfiguration;
			buildSettings = {
				ALWAYS_SEARCH_USER_PATHS = NO;
				CLANG_ANALYZER_NONNULL = YES;
				CLANG_ANALYZER_NUMBER_OBJECT_CONVERSION = YES_AGGRESSIVE;
				CLANG_CXX_LANGUAGE_STANDARD = "gnu++14";
				CLANG_CXX_LIBRARY = "libc++";
				CLANG_ENABLE_MODULES = YES;
				CLANG_ENABLE_OBJC_ARC = YES;
				CLANG_ENABLE_OBJC_WEAK = YES;
				CLANG_WARN_BLOCK_CAPTURE_AUTORELEASING = YES;
				CLANG_WARN_BOOL_CONVERSION = YES;
				CLANG_WARN_COMMA = YES;
				CLANG_WARN_CONSTANT_CONVERSION = YES;
				CLANG_WARN_DEPRECATED_OBJC_IMPLEMENTATIONS = YES;
				CLANG_WARN_DIRECT_OBJC_ISA_USAGE = YES_ERROR;
				CLANG_WARN_DOCUMENTATION_COMMENTS = YES;
				CLANG_WARN_EMPTY_BODY = YES;
				CLANG_WARN_ENUM_CONVERSION = YES;
				CLANG_WARN_INFINITE_RECURSION = YES;
				CLANG_WARN_INT_CONVERSION = YES;
				CLANG_WARN_NON_LITERAL_NULL_CONVERSION = YES;
				CLANG_WARN_OBJC_IMPLICIT_RETAIN_SELF = YES;
				CLANG_WARN_OBJC_LITERAL_CONVERSION = YES;
				CLANG_WARN_OBJC_ROOT_CLASS = YES_ERROR;
				CLANG_WARN_RANGE_LOOP_ANALYSIS = YES;
				CLANG_WARN_STRICT_PROTOTYPES = YES;
				CLANG_WARN_SUSPICIOUS_MOVE = YES;
				CLANG_WARN_UNGUARDED_AVAILABILITY = YES_AGGRESSIVE;
				CLANG_WARN_UNREACHABLE_CODE = YES;
				CLANG_WARN__DUPLICATE_METHOD_MATCH = YES;
				CODE_SIGN_IDENTITY = "iPhone Developer";
				COPY_PHASE_STRIP = NO;
				DEBUG_INFORMATION_FORMAT = dwarf;
				ENABLE_STRICT_OBJC_MSGSEND = YES;
				ENABLE_TESTABILITY = YES;
				GCC_C_LANGUAGE_STANDARD = gnu11;
				GCC_DYNAMIC_NO_PIC = NO;
				GCC_NO_COMMON_BLOCKS = YES;
				GCC_OPTIMIZATION_LEVEL = 0;
				GCC_PREPROCESSOR_DEFINITIONS = (
					"DEBUG=1",
					"$(inherited)",
				);
				GCC_WARN_64_TO_32_BIT_CONVERSION = YES;
				GCC_WARN_ABOUT_RETURN_TYPE = YES_ERROR;
				GCC_WARN_UNDECLARED_SELECTOR = YES;
				GCC_WARN_UNINITIALIZED_AUTOS = YES_AGGRESSIVE;
				GCC_WARN_UNUSED_FUNCTION = YES;
				GCC_WARN_UNUSED_VARIABLE = YES;
				IPHONEOS_DEPLOYMENT_TARGET = 12.1;
				MTL_ENABLE_DEBUG_INFO = INCLUDE_SOURCE;
				MTL_FAST_MATH = YES;
				ONLY_ACTIVE_ARCH = YES;
				SDKROOT = iphoneos;
			};
			name = Debug;
		};
		B5CDB8A721E2833A0022B08F /* Release */ = {
			isa = XCBuildConfiguration;
			buildSettings = {
				ALWAYS_SEARCH_USER_PATHS = NO;
				CLANG_ANALYZER_NONNULL = YES;
				CLANG_ANALYZER_NUMBER_OBJECT_CONVERSION = YES_AGGRESSIVE;
				CLANG_CXX_LANGUAGE_STANDARD = "gnu++14";
				CLANG_CXX_LIBRARY = "libc++";
				CLANG_ENABLE_MODULES = YES;
				CLANG_ENABLE_OBJC_ARC = YES;
				CLANG_ENABLE_OBJC_WEAK = YES;
				CLANG_WARN_BLOCK_CAPTURE_AUTORELEASING = YES;
				CLANG_WARN_BOOL_CONVERSION = YES;
				CLANG_WARN_COMMA = YES;
				CLANG_WARN_CONSTANT_CONVERSION = YES;
				CLANG_WARN_DEPRECATED_OBJC_IMPLEMENTATIONS = YES;
				CLANG_WARN_DIRECT_OBJC_ISA_USAGE = YES_ERROR;
				CLANG_WARN_DOCUMENTATION_COMMENTS = YES;
				CLANG_WARN_EMPTY_BODY = YES;
				CLANG_WARN_ENUM_CONVERSION = YES;
				CLANG_WARN_INFINITE_RECURSION = YES;
				CLANG_WARN_INT_CONVERSION = YES;
				CLANG_WARN_NON_LITERAL_NULL_CONVERSION = YES;
				CLANG_WARN_OBJC_IMPLICIT_RETAIN_SELF = YES;
				CLANG_WARN_OBJC_LITERAL_CONVERSION = YES;
				CLANG_WARN_OBJC_ROOT_CLASS = YES_ERROR;
				CLANG_WARN_RANGE_LOOP_ANALYSIS = YES;
				CLANG_WARN_STRICT_PROTOTYPES = YES;
				CLANG_WARN_SUSPICIOUS_MOVE = YES;
				CLANG_WARN_UNGUARDED_AVAILABILITY = YES_AGGRESSIVE;
				CLANG_WARN_UNREACHABLE_CODE = YES;
				CLANG_WARN__DUPLICATE_METHOD_MATCH = YES;
				CODE_SIGN_IDENTITY = "iPhone Developer";
				COPY_PHASE_STRIP = NO;
				DEBUG_INFORMATION_FORMAT = "dwarf-with-dsym";
				ENABLE_NS_ASSERTIONS = NO;
				ENABLE_STRICT_OBJC_MSGSEND = YES;
				GCC_C_LANGUAGE_STANDARD = gnu11;
				GCC_NO_COMMON_BLOCKS = YES;
				GCC_WARN_64_TO_32_BIT_CONVERSION = YES;
				GCC_WARN_ABOUT_RETURN_TYPE = YES_ERROR;
				GCC_WARN_UNDECLARED_SELECTOR = YES;
				GCC_WARN_UNINITIALIZED_AUTOS = YES_AGGRESSIVE;
				GCC_WARN_UNUSED_FUNCTION = YES;
				GCC_WARN_UNUSED_VARIABLE = YES;
				IPHONEOS_DEPLOYMENT_TARGET = 12.1;
				MTL_ENABLE_DEBUG_INFO = NO;
				MTL_FAST_MATH = YES;
				SDKROOT = iphoneos;
				VALIDATE_PRODUCT = YES;
			};
			name = Release;
		};
		B5CDB8A921E2833A0022B08F /* Debug */ = {
			isa = XCBuildConfiguration;
			buildSettings = {
				ASSETCATALOG_COMPILER_APPICON_NAME = AppIcon;
				CODE_SIGN_IDENTITY = "iPhone Developer";
				CODE_SIGN_STYLE = Manual;
				DEVELOPMENT_TEAM = "";
				INFOPLIST_FILE = YCMTest/Info.plist;
				LD_RUNPATH_SEARCH_PATHS = (
					"$(inherited)",
					"@executable_path/Frameworks",
				);
				PRODUCT_BUNDLE_IDENTIFIER = puremourning.YCMTest;
				PRODUCT_NAME = "$(TARGET_NAME)";
				PROVISIONING_PROFILE_SPECIFIER = "";
				TARGETED_DEVICE_FAMILY = "1,2";
			};
			name = Debug;
		};
		B5CDB8AA21E2833A0022B08F /* Release */ = {
			isa = XCBuildConfiguration;
			buildSettings = {
				ASSETCATALOG_COMPILER_APPICON_NAME = AppIcon;
				CODE_SIGN_IDENTITY = "iPhone Developer";
				CODE_SIGN_STYLE = Manual;
				DEVELOPMENT_TEAM = "";
				INFOPLIST_FILE = YCMTest/Info.plist;
				LD_RUNPATH_SEARCH_PATHS = (
					"$(inherited)",
					"@executable_path/Frameworks",
				);
				PRODUCT_BUNDLE_IDENTIFIER = puremourning.YCMTest;
				PRODUCT_NAME = "$(TARGET_NAME)";
				PROVISIONING_PROFILE_SPECIFIER = "";
				TARGETED_DEVICE_FAMILY = "1,2";
			};
			name = Release;
		};
/* End XCBuildConfiguration section */

/* Begin XCConfigurationList section */
		B5CDB88D21E283390022B08F /* Build configuration list for PBXProject "YCMTest" */ = {
			isa = XCConfigurationList;
			buildConfigurations = (
				B5CDB8A621E2833A0022B08F /* Debug */,
				B5CDB8A721E2833A0022B08F /* Release */,
			);
			defaultConfigurationIsVisible = 0;
			defaultConfigurationName = Release;
		};
		B5CDB8A821E2833A0022B08F /* Build configuration list for PBXNativeTarget "YCMTest" */ = {
			isa = XCConfigurationList;
			buildConfigurations = (
				B5CDB8A921E2833A0022B08F /* Debug */,
				B5CDB8AA21E2833A0022B08F /* Release */,
			);
			defaultConfigurationIsVisible = 0;
			defaultConfigurationName = Release;
		};
/* End XCConfigurationList section */
	};
	rootObject = B5CDB88A21E283390022B08F /* Project object */;
}
